// !$*UTF8*$!
{
	archiveVersion = 1;
	classes = {
	};
	objectVersion = 56;
	objects = {

/* Begin PBXBuildFile section */
		3906739D29F5320D0038D515 /* the-nyan-cat.json in Resources */ = {isa = PBXBuildFile; fileRef = 3906739C29F5320C0038D515 /* the-nyan-cat.json */; };
		394FE1B929F6F7E9003F7897 /* Background.json in Resources */ = {isa = PBXBuildFile; fileRef = 394FE1B829F6F7E9003F7897 /* Background.json */; };
		3962781029F5099400F206FF /* AppDelegate.swift in Sources */ = {isa = PBXBuildFile; fileRef = 3962780F29F5099400F206FF /* AppDelegate.swift */; };
		3962781229F5099400F206FF /* SceneDelegate.swift in Sources */ = {isa = PBXBuildFile; fileRef = 3962781129F5099400F206FF /* SceneDelegate.swift */; };
		3962781429F5099400F206FF /* ViewController.swift in Sources */ = {isa = PBXBuildFile; fileRef = 3962781329F5099400F206FF /* ViewController.swift */; };
		3962781729F5099400F206FF /* Main.storyboard in Resources */ = {isa = PBXBuildFile; fileRef = 3962781529F5099400F206FF /* Main.storyboard */; };
		3962781929F5099500F206FF /* Assets.xcassets in Resources */ = {isa = PBXBuildFile; fileRef = 3962781829F5099500F206FF /* Assets.xcassets */; };
		3962781C29F5099500F206FF /* LaunchScreen.storyboard in Resources */ = {isa = PBXBuildFile; fileRef = 3962781A29F5099500F206FF /* LaunchScreen.storyboard */; };
		3962782429F5266A00F206FF /* Extensions.swift in Sources */ = {isa = PBXBuildFile; fileRef = 3962782329F5266A00F206FF /* Extensions.swift */; };
		AE0BCB5C6518D40AC26264BF /* Pods_AssingDevice.framework in Frameworks */ = {isa = PBXBuildFile; fileRef = BA40E39A401668B83506C4D0 /* Pods_AssingDevice.framework */; };
/* End PBXBuildFile section */

/* Begin PBXFileReference section */
		3906739C29F5320C0038D515 /* the-nyan-cat.json */ = {isa = PBXFileReference; fileEncoding = 4; lastKnownFileType = text.json; path = "the-nyan-cat.json"; sourceTree = "<group>"; };
		394FE1B829F6F7E9003F7897 /* Background.json */ = {isa = PBXFileReference; fileEncoding = 4; lastKnownFileType = text.json; path = Background.json; sourceTree = "<group>"; };
		3962780C29F5099400F206FF /* AssingDevice.app */ = {isa = PBXFileReference; explicitFileType = wrapper.application; includeInIndex = 0; path = AssingDevice.app; sourceTree = BUILT_PRODUCTS_DIR; };
		3962780F29F5099400F206FF /* AppDelegate.swift */ = {isa = PBXFileReference; lastKnownFileType = sourcecode.swift; path = AppDelegate.swift; sourceTree = "<group>"; };
		3962781129F5099400F206FF /* SceneDelegate.swift */ = {isa = PBXFileReference; lastKnownFileType = sourcecode.swift; path = SceneDelegate.swift; sourceTree = "<group>"; };
		3962781329F5099400F206FF /* ViewController.swift */ = {isa = PBXFileReference; lastKnownFileType = sourcecode.swift; path = ViewController.swift; sourceTree = "<group>"; };
		3962781629F5099400F206FF /* Base */ = {isa = PBXFileReference; lastKnownFileType = file.storyboard; name = Base; path = Base.lproj/Main.storyboard; sourceTree = "<group>"; };
		3962781829F5099500F206FF /* Assets.xcassets */ = {isa = PBXFileReference; lastKnownFileType = folder.assetcatalog; path = Assets.xcassets; sourceTree = "<group>"; };
		3962781B29F5099500F206FF /* Base */ = {isa = PBXFileReference; lastKnownFileType = file.storyboard; name = Base; path = Base.lproj/LaunchScreen.storyboard; sourceTree = "<group>"; };
		3962781D29F5099500F206FF /* Info.plist */ = {isa = PBXFileReference; lastKnownFileType = text.plist.xml; path = Info.plist; sourceTree = "<group>"; };
		3962782329F5266A00F206FF /* Extensions.swift */ = {isa = PBXFileReference; lastKnownFileType = sourcecode.swift; path = Extensions.swift; sourceTree = "<group>"; };
		56ACB595B857C0000FF50B65 /* Pods-AssingDevice.debug.xcconfig */ = {isa = PBXFileReference; includeInIndex = 1; lastKnownFileType = text.xcconfig; name = "Pods-AssingDevice.debug.xcconfig"; path = "Target Support Files/Pods-AssingDevice/Pods-AssingDevice.debug.xcconfig"; sourceTree = "<group>"; };
		AC756497B15F4A44CB50D409 /* Pods-AssingDevice.release.xcconfig */ = {isa = PBXFileReference; includeInIndex = 1; lastKnownFileType = text.xcconfig; name = "Pods-AssingDevice.release.xcconfig"; path = "Target Support Files/Pods-AssingDevice/Pods-AssingDevice.release.xcconfig"; sourceTree = "<group>"; };
		BA40E39A401668B83506C4D0 /* Pods_AssingDevice.framework */ = {isa = PBXFileReference; explicitFileType = wrapper.framework; includeInIndex = 0; path = Pods_AssingDevice.framework; sourceTree = BUILT_PRODUCTS_DIR; };
/* End PBXFileReference section */

/* Begin PBXFrameworksBuildPhase section */
		3962780929F5099400F206FF /* Frameworks */ = {
			isa = PBXFrameworksBuildPhase;
			buildActionMask = 2147483647;
			files = (
				AE0BCB5C6518D40AC26264BF /* Pods_AssingDevice.framework in Frameworks */,
			);
			runOnlyForDeploymentPostprocessing = 0;
		};
/* End PBXFrameworksBuildPhase section */

/* Begin PBXGroup section */
		22640329535F71097480CC52 /* Frameworks */ = {
			isa = PBXGroup;
			children = (
				BA40E39A401668B83506C4D0 /* Pods_AssingDevice.framework */,
			);
			name = Frameworks;
			sourceTree = "<group>";
		};
		3962780329F5099400F206FF = {
			isa = PBXGroup;
			children = (
				3962780E29F5099400F206FF /* AssingDevice */,
				3962780D29F5099400F206FF /* Products */,
				F035409487484A65D675B15D /* Pods */,
				22640329535F71097480CC52 /* Frameworks */,
			);
			sourceTree = "<group>";
		};
		3962780D29F5099400F206FF /* Products */ = {
			isa = PBXGroup;
			children = (
				3962780C29F5099400F206FF /* AssingDevice.app */,
			);
			name = Products;
			sourceTree = "<group>";
		};
		3962780E29F5099400F206FF /* AssingDevice */ = {
			isa = PBXGroup;
			children = (
				3962780F29F5099400F206FF /* AppDelegate.swift */,
				3962781129F5099400F206FF /* SceneDelegate.swift */,
				3962781329F5099400F206FF /* ViewController.swift */,
				3962782329F5266A00F206FF /* Extensions.swift */,
				3962781529F5099400F206FF /* Main.storyboard */,
				3962781829F5099500F206FF /* Assets.xcassets */,
				3962781A29F5099500F206FF /* LaunchScreen.storyboard */,
				3906739C29F5320C0038D515 /* the-nyan-cat.json */,
				394FE1B829F6F7E9003F7897 /* Background.json */,
				3962781D29F5099500F206FF /* Info.plist */,
			);
			path = AssingDevice;
			sourceTree = "<group>";
		};
		F035409487484A65D675B15D /* Pods */ = {
			isa = PBXGroup;
			children = (
				56ACB595B857C0000FF50B65 /* Pods-AssingDevice.debug.xcconfig */,
				AC756497B15F4A44CB50D409 /* Pods-AssingDevice.release.xcconfig */,
			);
			path = Pods;
			sourceTree = "<group>";
		};
/* End PBXGroup section */

/* Begin PBXNativeTarget section */
		3962780B29F5099400F206FF /* AssingDevice */ = {
			isa = PBXNativeTarget;
			buildConfigurationList = 3962782029F5099500F206FF /* Build configuration list for PBXNativeTarget "AssingDevice" */;
			buildPhases = (
				B9D4F919CF89B9C74FB15339 /* [CP] Check Pods Manifest.lock */,
				3962780829F5099400F206FF /* Sources */,
				3962780929F5099400F206FF /* Frameworks */,
				3962780A29F5099400F206FF /* Resources */,
				DD54F856690CBCD82FDD263A /* [CP] Embed Pods Frameworks */,
			);
			buildRules = (
			);
			dependencies = (
			);
			name = AssingDevice;
			productName = AssingDevice;
			productReference = 3962780C29F5099400F206FF /* AssingDevice.app */;
			productType = "com.apple.product-type.application";
		};
/* End PBXNativeTarget section */

/* Begin PBXProject section */
		3962780429F5099400F206FF /* Project object */ = {
			isa = PBXProject;
			attributes = {
				BuildIndependentTargetsInParallel = 1;
				LastSwiftUpdateCheck = 1420;
				LastUpgradeCheck = 1420;
				TargetAttributes = {
					3962780B29F5099400F206FF = {
						CreatedOnToolsVersion = 14.2;
					};
				};
			};
			buildConfigurationList = 3962780729F5099400F206FF /* Build configuration list for PBXProject "AssingDevice" */;
			compatibilityVersion = "Xcode 14.0";
			developmentRegion = en;
			hasScannedForEncodings = 0;
			knownRegions = (
				en,
				Base,
			);
			mainGroup = 3962780329F5099400F206FF;
			productRefGroup = 3962780D29F5099400F206FF /* Products */;
			projectDirPath = "";
			projectRoot = "";
			targets = (
				3962780B29F5099400F206FF /* AssingDevice */,
			);
		};
/* End PBXProject section */

/* Begin PBXResourcesBuildPhase section */
		3962780A29F5099400F206FF /* Resources */ = {
			isa = PBXResourcesBuildPhase;
			buildActionMask = 2147483647;
			files = (
				3962781C29F5099500F206FF /* LaunchScreen.storyboard in Resources */,
				394FE1B929F6F7E9003F7897 /* Background.json in Resources */,
				3962781929F5099500F206FF /* Assets.xcassets in Resources */,
				3906739D29F5320D0038D515 /* the-nyan-cat.json in Resources */,
				3962781729F5099400F206FF /* Main.storyboard in Resources */,
			);
			runOnlyForDeploymentPostprocessing = 0;
		};
/* End PBXResourcesBuildPhase section */

/* Begin PBXShellScriptBuildPhase section */
		B9D4F919CF89B9C74FB15339 /* [CP] Check Pods Manifest.lock */ = {
			isa = PBXShellScriptBuildPhase;
			buildActionMask = 2147483647;
			files = (
			);
			inputFileListPaths = (
			);
			inputPaths = (
				"${PODS_PODFILE_DIR_PATH}/Podfile.lock",
				"${PODS_ROOT}/Manifest.lock",
			);
			name = "[CP] Check Pods Manifest.lock";
			outputFileListPaths = (
			);
			outputPaths = (
				"$(DERIVED_FILE_DIR)/Pods-AssingDevice-checkManifestLockResult.txt",
			);
			runOnlyForDeploymentPostprocessing = 0;
			shellPath = /bin/sh;
			shellScript = "diff \"${PODS_PODFILE_DIR_PATH}/Podfile.lock\" \"${PODS_ROOT}/Manifest.lock\" > /dev/null\nif [ $? != 0 ] ; then\n    # print error to STDERR\n    echo \"error: The sandbox is not in sync with the Podfile.lock. Run 'pod install' or update your CocoaPods installation.\" >&2\n    exit 1\nfi\n# This output is used by Xcode 'outputs' to avoid re-running this script phase.\necho \"SUCCESS\" > \"${SCRIPT_OUTPUT_FILE_0}\"\n";
			showEnvVarsInLog = 0;
		};
		DD54F856690CBCD82FDD263A /* [CP] Embed Pods Frameworks */ = {
			isa = PBXShellScriptBuildPhase;
			buildActionMask = 2147483647;
			files = (
			);
			inputFileListPaths = (
				"${PODS_ROOT}/Target Support Files/Pods-AssingDevice/Pods-AssingDevice-frameworks-${CONFIGURATION}-input-files.xcfilelist",
			);
			name = "[CP] Embed Pods Frameworks";
			outputFileListPaths = (
				"${PODS_ROOT}/Target Support Files/Pods-AssingDevice/Pods-AssingDevice-frameworks-${CONFIGURATION}-output-files.xcfilelist",
			);
			runOnlyForDeploymentPostprocessing = 0;
			shellPath = /bin/sh;
			shellScript = "\"${PODS_ROOT}/Target Support Files/Pods-AssingDevice/Pods-AssingDevice-frameworks.sh\"\n";
			showEnvVarsInLog = 0;
		};
/* End PBXShellScriptBuildPhase section */

/* Begin PBXSourcesBuildPhase section */
		3962780829F5099400F206FF /* Sources */ = {
			isa = PBXSourcesBuildPhase;
			buildActionMask = 2147483647;
			files = (
				3962781429F5099400F206FF /* ViewController.swift in Sources */,
				3962781029F5099400F206FF /* AppDelegate.swift in Sources */,
				3962781229F5099400F206FF /* SceneDelegate.swift in Sources */,
				3962782429F5266A00F206FF /* Extensions.swift in Sources */,
			);
			runOnlyForDeploymentPostprocessing = 0;
		};
/* End PBXSourcesBuildPhase section */

/* Begin PBXVariantGroup section */
		3962781529F5099400F206FF /* Main.storyboard */ = {
			isa = PBXVariantGroup;
			children = (
				3962781629F5099400F206FF /* Base */,
			);
			name = Main.storyboard;
			sourceTree = "<group>";
		};
		3962781A29F5099500F206FF /* LaunchScreen.storyboard */ = {
			isa = PBXVariantGroup;
			children = (
				3962781B29F5099500F206FF /* Base */,
			);
			name = LaunchScreen.storyboard;
			sourceTree = "<group>";
		};
/* End PBXVariantGroup section */

/* Begin XCBuildConfiguration section */
		3962781E29F5099500F206FF /* Debug */ = {
			isa = XCBuildConfiguration;
			buildSettings = {
				ALWAYS_SEARCH_USER_PATHS = NO;
				CLANG_ANALYZER_NONNULL = YES;
				CLANG_ANALYZER_NUMBER_OBJECT_CONVERSION = YES_AGGRESSIVE;
				CLANG_CXX_LANGUAGE_STANDARD = "gnu++20";
				CLANG_ENABLE_MODULES = YES;
				CLANG_ENABLE_OBJC_ARC = YES;
				CLANG_ENABLE_OBJC_WEAK = YES;
				CLANG_WARN_BLOCK_CAPTURE_AUTORELEASING = YES;
				CLANG_WARN_BOOL_CONVERSION = YES;
				CLANG_WARN_COMMA = YES;
				CLANG_WARN_CONSTANT_CONVERSION = YES;
				CLANG_WARN_DEPRECATED_OBJC_IMPLEMENTATIONS = YES;
				CLANG_WARN_DIRECT_OBJC_ISA_USAGE = YES_ERROR;
				CLANG_WARN_DOCUMENTATION_COMMENTS = YES;
				CLANG_WARN_EMPTY_BODY = YES;
				CLANG_WARN_ENUM_CONVERSION = YES;
				CLANG_WARN_INFINITE_RECURSION = YES;
				CLANG_WARN_INT_CONVERSION = YES;
				CLANG_WARN_NON_LITERAL_NULL_CONVERSION = YES;
				CLANG_WARN_OBJC_IMPLICIT_RETAIN_SELF = YES;
				CLANG_WARN_OBJC_LITERAL_CONVERSION = YES;
				CLANG_WARN_OBJC_ROOT_CLASS = YES_ERROR;
				CLANG_WARN_QUOTED_INCLUDE_IN_FRAMEWORK_HEADER = YES;
				CLANG_WARN_RANGE_LOOP_ANALYSIS = YES;
				CLANG_WARN_STRICT_PROTOTYPES = YES;
				CLANG_WARN_SUSPICIOUS_MOVE = YES;
				CLANG_WARN_UNGUARDED_AVAILABILITY = YES_AGGRESSIVE;
				CLANG_WARN_UNREACHABLE_CODE = YES;
				CLANG_WARN__DUPLICATE_METHOD_MATCH = YES;
				COPY_PHASE_STRIP = NO;
				DEBUG_INFORMATION_FORMAT = dwarf;
				ENABLE_STRICT_OBJC_MSGSEND = YES;
				ENABLE_TESTABILITY = YES;
				GCC_C_LANGUAGE_STANDARD = gnu11;
				GCC_DYNAMIC_NO_PIC = NO;
				GCC_NO_COMMON_BLOCKS = YES;
				GCC_OPTIMIZATION_LEVEL = 0;
				GCC_PREPROCESSOR_DEFINITIONS = (
					"DEBUG=1",
					"$(inherited)",
				);
				GCC_WARN_64_TO_32_BIT_CONVERSION = YES;
				GCC_WARN_ABOUT_RETURN_TYPE = YES_ERROR;
				GCC_WARN_UNDECLARED_SELECTOR = YES;
				GCC_WARN_UNINITIALIZED_AUTOS = YES_AGGRESSIVE;
				GCC_WARN_UNUSED_FUNCTION = YES;
				GCC_WARN_UNUSED_VARIABLE = YES;
				IPHONEOS_DEPLOYMENT_TARGET = 16.2;
				MTL_ENABLE_DEBUG_INFO = INCLUDE_SOURCE;
				MTL_FAST_MATH = YES;
				ONLY_ACTIVE_ARCH = YES;
				SDKROOT = iphoneos;
				SWIFT_ACTIVE_COMPILATION_CONDITIONS = DEBUG;
				SWIFT_OPTIMIZATION_LEVEL = "-Onone";
			};
			name = Debug;
		};
		3962781F29F5099500F206FF /* Release */ = {
			isa = XCBuildConfiguration;
			buildSettings = {
				ALWAYS_SEARCH_USER_PATHS = NO;
				CLANG_ANALYZER_NONNULL = YES;
				CLANG_ANALYZER_NUMBER_OBJECT_CONVERSION = YES_AGGRESSIVE;
				CLANG_CXX_LANGUAGE_STANDARD = "gnu++20";
				CLANG_ENABLE_MODULES = YES;
				CLANG_ENABLE_OBJC_ARC = YES;
				CLANG_ENABLE_OBJC_WEAK = YES;
				CLANG_WARN_BLOCK_CAPTURE_AUTORELEASING = YES;
				CLANG_WARN_BOOL_CONVERSION = YES;
				CLANG_WARN_COMMA = YES;
				CLANG_WARN_CONSTANT_CONVERSION = YES;
				CLANG_WARN_DEPRECATED_OBJC_IMPLEMENTATIONS = YES;
				CLANG_WARN_DIRECT_OBJC_ISA_USAGE = YES_ERROR;
				CLANG_WARN_DOCUMENTATION_COMMENTS = YES;
				CLANG_WARN_EMPTY_BODY = YES;
				CLANG_WARN_ENUM_CONVERSION = YES;
				CLANG_WARN_INFINITE_RECURSION = YES;
				CLANG_WARN_INT_CONVERSION = YES;
				CLANG_WARN_NON_LITERAL_NULL_CONVERSION = YES;
				CLANG_WARN_OBJC_IMPLICIT_RETAIN_SELF = YES;
				CLANG_WARN_OBJC_LITERAL_CONVERSION = YES;
				CLANG_WARN_OBJC_ROOT_CLASS = YES_ERROR;
				CLANG_WARN_QUOTED_INCLUDE_IN_FRAMEWORK_HEADER = YES;
				CLANG_WARN_RANGE_LOOP_ANALYSIS = YES;
				CLANG_WARN_STRICT_PROTOTYPES = YES;
				CLANG_WARN_SUSPICIOUS_MOVE = YES;
				CLANG_WARN_UNGUARDED_AVAILABILITY = YES_AGGRESSIVE;
				CLANG_WARN_UNREACHABLE_CODE = YES;
				CLANG_WARN__DUPLICATE_METHOD_MATCH = YES;
				COPY_PHASE_STRIP = NO;
				DEBUG_INFORMATION_FORMAT = "dwarf-with-dsym";
				ENABLE_NS_ASSERTIONS = NO;
				ENABLE_STRICT_OBJC_MSGSEND = YES;
				GCC_C_LANGUAGE_STANDARD = gnu11;
				GCC_NO_COMMON_BLOCKS = YES;
				GCC_WARN_64_TO_32_BIT_CONVERSION = YES;
				GCC_WARN_ABOUT_RETURN_TYPE = YES_ERROR;
				GCC_WARN_UNDECLARED_SELECTOR = YES;
				GCC_WARN_UNINITIALIZED_AUTOS = YES_AGGRESSIVE;
				GCC_WARN_UNUSED_FUNCTION = YES;
				GCC_WARN_UNUSED_VARIABLE = YES;
				IPHONEOS_DEPLOYMENT_TARGET = 16.2;
				MTL_ENABLE_DEBUG_INFO = NO;
				MTL_FAST_MATH = YES;
				SDKROOT = iphoneos;
				SWIFT_COMPILATION_MODE = wholemodule;
				SWIFT_OPTIMIZATION_LEVEL = "-O";
				VALIDATE_PRODUCT = YES;
			};
			name = Release;
		};
		3962782129F5099500F206FF /* Debug */ = {
			isa = XCBuildConfiguration;
			baseConfigurationReference = 56ACB595B857C0000FF50B65 /* Pods-AssingDevice.debug.xcconfig */;
			buildSettings = {
				ASSETCATALOG_COMPILER_APPICON_NAME = AppIcon;
				ASSETCATALOG_COMPILER_GLOBAL_ACCENT_COLOR_NAME = AccentColor;
				CODE_SIGN_STYLE = Automatic;
				CURRENT_PROJECT_VERSION = 1;
				DEVELOPMENT_TEAM = FW98869MS8;
				GENERATE_INFOPLIST_FILE = YES;
				INFOPLIST_FILE = AssingDevice/Info.plist;
				INFOPLIST_KEY_UIApplicationSupportsIndirectInputEvents = YES;
				INFOPLIST_KEY_UILaunchStoryboardName = LaunchScreen;
				INFOPLIST_KEY_UIMainStoryboardFile = Main;
				INFOPLIST_KEY_UISupportedInterfaceOrientations_iPad = "UIInterfaceOrientationPortrait UIInterfaceOrientationPortraitUpsideDown UIInterfaceOrientationLandscapeLeft UIInterfaceOrientationLandscapeRight";
				INFOPLIST_KEY_UISupportedInterfaceOrientations_iPhone = "UIInterfaceOrientationPortrait UIInterfaceOrientationLandscapeLeft UIInterfaceOrientationLandscapeRight";
				LD_RUNPATH_SEARCH_PATHS = (
					"$(inherited)",
					"@executable_path/Frameworks",
				);
				MARKETING_VERSION = 1.0;
				PRODUCT_BUNDLE_IDENTIFIER = com.vxcx.AssingDevice;
				PRODUCT_NAME = "$(TARGET_NAME)";
				SWIFT_EMIT_LOC_STRINGS = YES;
				SWIFT_VERSION = 5.0;
				TARGETED_DEVICE_FAMILY = "1,2";
			};
			name = Debug;
		};
		3962782229F5099500F206FF /* Release */ = {
			isa = XCBuildConfiguration;
			baseConfigurationReference = AC756497B15F4A44CB50D409 /* Pods-AssingDevice.release.xcconfig */;
			buildSettings = {
				ASSETCATALOG_COMPILER_APPICON_NAME = AppIcon;
				ASSETCATALOG_COMPILER_GLOBAL_ACCENT_COLOR_NAME = AccentColor;
				CODE_SIGN_STYLE = Automatic;
				CURRENT_PROJECT_VERSION = 1;
				DEVELOPMENT_TEAM = FW98869MS8;
				GENERATE_INFOPLIST_FILE = YES;
				INFOPLIST_FILE = AssingDevice/Info.plist;
				INFOPLIST_KEY_UIApplicationSupportsIndirectInputEvents = YES;
				INFOPLIST_KEY_UILaunchStoryboardName = LaunchScreen;
				INFOPLIST_KEY_UIMainStoryboardFile = Main;
				INFOPLIST_KEY_UISupportedInterfaceOrientations_iPad = "UIInterfaceOrientationPortrait UIInterfaceOrientationPortraitUpsideDown UIInterfaceOrientationLandscapeLeft UIInterfaceOrientationLandscapeRight";
				INFOPLIST_KEY_UISupportedInterfaceOrientations_iPhone = "UIInterfaceOrientationPortrait UIInterfaceOrientationLandscapeLeft UIInterfaceOrientationLandscapeRight";
				LD_RUNPATH_SEARCH_PATHS = (
					"$(inherited)",
					"@executable_path/Frameworks",
				);
				MARKETING_VERSION = 1.0;
				PRODUCT_BUNDLE_IDENTIFIER = com.vxcx.AssingDevice;
				PRODUCT_NAME = "$(TARGET_NAME)";
				SWIFT_EMIT_LOC_STRINGS = YES;
				SWIFT_VERSION = 5.0;
				TARGETED_DEVICE_FAMILY = "1,2";
			};
			name = Release;
		};
/* End XCBuildConfiguration section */

/* Begin XCConfigurationList section */
		3962780729F5099400F206FF /* Build configuration list for PBXProject "AssingDevice" */ = {
			isa = XCConfigurationList;
			buildConfigurations = (
				3962781E29F5099500F206FF /* Debug */,
				3962781F29F5099500F206FF /* Release */,
			);
			defaultConfigurationIsVisible = 0;
			defaultConfigurationName = Release;
		};
		3962782029F5099500F206FF /* Build configuration list for PBXNativeTarget "AssingDevice" */ = {
			isa = XCConfigurationList;
			buildConfigurations = (
				3962782129F5099500F206FF /* Debug */,
				3962782229F5099500F206FF /* Release */,
			);
			defaultConfigurationIsVisible = 0;
			defaultConfigurationName = Release;
		};
/* End XCConfigurationList section */
	};
	rootObject = 3962780429F5099400F206FF /* Project object */;
}
